# THIS IS AN AUTOGENERATED FILE. DO NOT EDIT THIS FILE DIRECTLY.
# yarn lockfile v1


leaflet@^1.9.1:
  version "1.9.1"
  resolved "https://registry.yarnpkg.com/leaflet/-/leaflet-1.9.1.tgz#73c3c31233f5bc69ad3dd681e67860ba28c87291"
  integrity sha512-5FcDAMTLAuOq0RisQQbTFatl8Sl4bM0gMrBfuHbl7CYbYJv45BfCS8oU3T644MLjleBq1Ncq541QEA1pqUGTFA==
